// !$*UTF8*$!
{
	archiveVersion = 1;
	classes = {
	};
	objectVersion = 56;
	objects = {

/* Begin PBXBuildFile section */
		87621AB22C190C2000608CC4 /* MovieBackdropCarouselView.swift in Sources */ = {isa = PBXBuildFile; fileRef = 87621AB12C190C1F00608CC4 /* MovieBackdropCarouselView.swift */; };
		8784E4362C0299FF00EE90A7 /* CineSeekApp.swift in Sources */ = {isa = PBXBuildFile; fileRef = 8784E4352C0299FF00EE90A7 /* CineSeekApp.swift */; };
		8784E4382C0299FF00EE90A7 /* ContentView.swift in Sources */ = {isa = PBXBuildFile; fileRef = 8784E4372C0299FF00EE90A7 /* ContentView.swift */; };
		8784E43A2C029A0100EE90A7 /* Assets.xcassets in Resources */ = {isa = PBXBuildFile; fileRef = 8784E4392C029A0100EE90A7 /* Assets.xcassets */; };
		8784E43D2C029A0100EE90A7 /* Preview Assets.xcassets in Resources */ = {isa = PBXBuildFile; fileRef = 8784E43C2C029A0100EE90A7 /* Preview Assets.xcassets */; };
		8784E4462C029AFE00EE90A7 /* Movie.swift in Sources */ = {isa = PBXBuildFile; fileRef = 8784E4452C029AFE00EE90A7 /* Movie.swift */; };
		8784E44A2C029BDA00EE90A7 /* MovieServices.swift in Sources */ = {isa = PBXBuildFile; fileRef = 8784E4492C029BDA00EE90A7 /* MovieServices.swift */; };
		8784E44C2C029E6D00EE90A7 /* MovieStore.swift in Sources */ = {isa = PBXBuildFile; fileRef = 8784E44B2C029E6D00EE90A7 /* MovieStore.swift */; };
		8784E44E2C02A2A700EE90A7 /* Utils.swift in Sources */ = {isa = PBXBuildFile; fileRef = 8784E44D2C02A2A700EE90A7 /* Utils.swift */; };
		8784E4502C03B78000EE90A7 /* Movie+Stub.swift in Sources */ = {isa = PBXBuildFile; fileRef = 8784E44F2C03B78000EE90A7 /* Movie+Stub.swift */; };
		8786F6A12C0F6CFA00ED5066 /* movie_list.json in Resources */ = {isa = PBXBuildFile; fileRef = 8786F69E2C0F6CFA00ED5066 /* movie_list.json */; };
		8786F6A22C0F6CFA00ED5066 /* movie_info.json in Resources */ = {isa = PBXBuildFile; fileRef = 8786F69F2C0F6CFA00ED5066 /* movie_info.json */; };
		8786F6A32C0F6CFA00ED5066 /* search_movie.json in Resources */ = {isa = PBXBuildFile; fileRef = 8786F6A02C0F6CFA00ED5066 /* search_movie.json */; };
		87B3144B2C06844500C1B50D /* imageLoad.swift in Sources */ = {isa = PBXBuildFile; fileRef = 87B3144A2C06844500C1B50D /* imageLoad.swift */; };
		87D9CC1C2C1906F2003FCA75 /* MovieBackdropCard.swift in Sources */ = {isa = PBXBuildFile; fileRef = 87D9CC1B2C1906F2003FCA75 /* MovieBackdropCard.swift */; };
/* End PBXBuildFile section */

/* Begin PBXFileReference section */
		87621AB12C190C1F00608CC4 /* MovieBackdropCarouselView.swift */ = {isa = PBXFileReference; lastKnownFileType = sourcecode.swift; path = MovieBackdropCarouselView.swift; sourceTree = "<group>"; };
		8784E4322C0299FF00EE90A7 /* CineSeek.app */ = {isa = PBXFileReference; explicitFileType = wrapper.application; includeInIndex = 0; path = CineSeek.app; sourceTree = BUILT_PRODUCTS_DIR; };
		8784E4352C0299FF00EE90A7 /* CineSeekApp.swift */ = {isa = PBXFileReference; lastKnownFileType = sourcecode.swift; path = CineSeekApp.swift; sourceTree = "<group>"; };
		8784E4372C0299FF00EE90A7 /* ContentView.swift */ = {isa = PBXFileReference; lastKnownFileType = sourcecode.swift; path = ContentView.swift; sourceTree = "<group>"; };
		8784E4392C029A0100EE90A7 /* Assets.xcassets */ = {isa = PBXFileReference; lastKnownFileType = folder.assetcatalog; path = Assets.xcassets; sourceTree = "<group>"; };
		8784E43C2C029A0100EE90A7 /* Preview Assets.xcassets */ = {isa = PBXFileReference; lastKnownFileType = folder.assetcatalog; path = "Preview Assets.xcassets"; sourceTree = "<group>"; };
		8784E4452C029AFE00EE90A7 /* Movie.swift */ = {isa = PBXFileReference; lastKnownFileType = sourcecode.swift; path = Movie.swift; sourceTree = "<group>"; };
		8784E4492C029BDA00EE90A7 /* MovieServices.swift */ = {isa = PBXFileReference; lastKnownFileType = sourcecode.swift; path = MovieServices.swift; sourceTree = "<group>"; };
		8784E44B2C029E6D00EE90A7 /* MovieStore.swift */ = {isa = PBXFileReference; lastKnownFileType = sourcecode.swift; path = MovieStore.swift; sourceTree = "<group>"; };
		8784E44D2C02A2A700EE90A7 /* Utils.swift */ = {isa = PBXFileReference; lastKnownFileType = sourcecode.swift; path = Utils.swift; sourceTree = "<group>"; };
		8784E44F2C03B78000EE90A7 /* Movie+Stub.swift */ = {isa = PBXFileReference; lastKnownFileType = sourcecode.swift; path = "Movie+Stub.swift"; sourceTree = "<group>"; };
		8786F69E2C0F6CFA00ED5066 /* movie_list.json */ = {isa = PBXFileReference; fileEncoding = 4; lastKnownFileType = text.json; path = movie_list.json; sourceTree = "<group>"; };
		8786F69F2C0F6CFA00ED5066 /* movie_info.json */ = {isa = PBXFileReference; fileEncoding = 4; lastKnownFileType = text.json; path = movie_info.json; sourceTree = "<group>"; };
		8786F6A02C0F6CFA00ED5066 /* search_movie.json */ = {isa = PBXFileReference; fileEncoding = 4; lastKnownFileType = text.json; path = search_movie.json; sourceTree = "<group>"; };
		87B3144A2C06844500C1B50D /* imageLoad.swift */ = {isa = PBXFileReference; lastKnownFileType = sourcecode.swift; path = imageLoad.swift; sourceTree = "<group>"; };
		87D9CC1B2C1906F2003FCA75 /* MovieBackdropCard.swift */ = {isa = PBXFileReference; lastKnownFileType = sourcecode.swift; path = MovieBackdropCard.swift; sourceTree = "<group>"; };
/* End PBXFileReference section */

/* Begin PBXFrameworksBuildPhase section */
		8784E42F2C0299FF00EE90A7 /* Frameworks */ = {
			isa = PBXFrameworksBuildPhase;
			buildActionMask = 2147483647;
			files = (
			);
			runOnlyForDeploymentPostprocessing = 0;
		};
/* End PBXFrameworksBuildPhase section */

/* Begin PBXGroup section */
		8784E4292C0299FF00EE90A7 = {
			isa = PBXGroup;
			children = (
				8784E4342C0299FF00EE90A7 /* CineSeek */,
				8784E4332C0299FF00EE90A7 /* Products */,
			);
			sourceTree = "<group>";
		};
		8784E4332C0299FF00EE90A7 /* Products */ = {
			isa = PBXGroup;
			children = (
				8784E4322C0299FF00EE90A7 /* CineSeek.app */,
			);
			name = Products;
			sourceTree = "<group>";
		};
		8784E4342C0299FF00EE90A7 /* CineSeek */ = {
			isa = PBXGroup;
			children = (
				8784E44D2C02A2A700EE90A7 /* Utils.swift */,
				87B314492C06842F00C1B50D /* Bindings */,
				87B314462C0683B100C1B50D /* Views */,
				8784E4522C03B7A200EE90A7 /* Resources */,
				8784E4482C029BB900EE90A7 /* Services */,
				8784E4442C029AE200EE90A7 /* Models */,
				8784E4352C0299FF00EE90A7 /* CineSeekApp.swift */,
				8784E4372C0299FF00EE90A7 /* ContentView.swift */,
				8784E4392C029A0100EE90A7 /* Assets.xcassets */,
				8784E43B2C029A0100EE90A7 /* Preview Content */,
			);
			path = CineSeek;
			sourceTree = "<group>";
		};
		8784E43B2C029A0100EE90A7 /* Preview Content */ = {
			isa = PBXGroup;
			children = (
				8784E43C2C029A0100EE90A7 /* Preview Assets.xcassets */,
			);
			path = "Preview Content";
			sourceTree = "<group>";
		};
		8784E4442C029AE200EE90A7 /* Models */ = {
			isa = PBXGroup;
			children = (
				8784E4452C029AFE00EE90A7 /* Movie.swift */,
				8784E44F2C03B78000EE90A7 /* Movie+Stub.swift */,
			);
			path = Models;
			sourceTree = "<group>";
		};
		8784E4482C029BB900EE90A7 /* Services */ = {
			isa = PBXGroup;
			children = (
				8784E4492C029BDA00EE90A7 /* MovieServices.swift */,
				8784E44B2C029E6D00EE90A7 /* MovieStore.swift */,
			);
			path = Services;
			sourceTree = "<group>";
		};
		8784E4522C03B7A200EE90A7 /* Resources */ = {
			isa = PBXGroup;
			children = (
				8786F69F2C0F6CFA00ED5066 /* movie_info.json */,
				8786F69E2C0F6CFA00ED5066 /* movie_list.json */,
				8786F6A02C0F6CFA00ED5066 /* search_movie.json */,
			);
			path = Resources;
			sourceTree = "<group>";
		};
		87B314462C0683B100C1B50D /* Views */ = {
			isa = PBXGroup;
			children = (
				87D9CC1B2C1906F2003FCA75 /* MovieBackdropCard.swift */,
				87621AB12C190C1F00608CC4 /* MovieBackdropCarouselView.swift */,
			);
			path = Views;
			sourceTree = "<group>";
		};
		87B314492C06842F00C1B50D /* Bindings */ = {
			isa = PBXGroup;
			children = (
				87B3144A2C06844500C1B50D /* imageLoad.swift */,
			);
			path = Bindings;
			sourceTree = "<group>";
		};
/* End PBXGroup section */

/* Begin PBXNativeTarget section */
		8784E4312C0299FF00EE90A7 /* CineSeek */ = {
			isa = PBXNativeTarget;
			buildConfigurationList = 8784E4402C029A0100EE90A7 /* Build configuration list for PBXNativeTarget "CineSeek" */;
			buildPhases = (
				8784E42E2C0299FF00EE90A7 /* Sources */,
				8784E42F2C0299FF00EE90A7 /* Frameworks */,
				8784E4302C0299FF00EE90A7 /* Resources */,
			);
			buildRules = (
			);
			dependencies = (
			);
			name = CineSeek;
			productName = CineSeek;
			productReference = 8784E4322C0299FF00EE90A7 /* CineSeek.app */;
			productType = "com.apple.product-type.application";
		};
/* End PBXNativeTarget section */

/* Begin PBXProject section */
		8784E42A2C0299FF00EE90A7 /* Project object */ = {
			isa = PBXProject;
			attributes = {
				BuildIndependentTargetsInParallel = 1;
				LastSwiftUpdateCheck = 1540;
				LastUpgradeCheck = 1540;
				TargetAttributes = {
					8784E4312C0299FF00EE90A7 = {
						CreatedOnToolsVersion = 15.4;
					};
				};
			};
			buildConfigurationList = 8784E42D2C0299FF00EE90A7 /* Build configuration list for PBXProject "CineSeek" */;
			compatibilityVersion = "Xcode 14.0";
			developmentRegion = en;
			hasScannedForEncodings = 0;
			knownRegions = (
				en,
				Base,
			);
			mainGroup = 8784E4292C0299FF00EE90A7;
			productRefGroup = 8784E4332C0299FF00EE90A7 /* Products */;
			projectDirPath = "";
			projectRoot = "";
			targets = (
				8784E4312C0299FF00EE90A7 /* CineSeek */,
			);
		};
/* End PBXProject section */

/* Begin PBXResourcesBuildPhase section */
		8784E4302C0299FF00EE90A7 /* Resources */ = {
			isa = PBXResourcesBuildPhase;
			buildActionMask = 2147483647;
			files = (
				8784E43D2C029A0100EE90A7 /* Preview Assets.xcassets in Resources */,
				8786F6A12C0F6CFA00ED5066 /* movie_list.json in Resources */,
				8786F6A22C0F6CFA00ED5066 /* movie_info.json in Resources */,
				8786F6A32C0F6CFA00ED5066 /* search_movie.json in Resources */,
				8784E43A2C029A0100EE90A7 /* Assets.xcassets in Resources */,
			);
			runOnlyForDeploymentPostprocessing = 0;
		};
/* End PBXResourcesBuildPhase section */

/* Begin PBXSourcesBuildPhase section */
		8784E42E2C0299FF00EE90A7 /* Sources */ = {
			isa = PBXSourcesBuildPhase;
			buildActionMask = 2147483647;
			files = (
				8784E4382C0299FF00EE90A7 /* ContentView.swift in Sources */,
				8784E4362C0299FF00EE90A7 /* CineSeekApp.swift in Sources */,
				8784E44A2C029BDA00EE90A7 /* MovieServices.swift in Sources */,
				8784E4502C03B78000EE90A7 /* Movie+Stub.swift in Sources */,
				87D9CC1C2C1906F2003FCA75 /* MovieBackdropCard.swift in Sources */,
				8784E4462C029AFE00EE90A7 /* Movie.swift in Sources */,
				8784E44C2C029E6D00EE90A7 /* MovieStore.swift in Sources */,
				87621AB22C190C2000608CC4 /* MovieBackdropCarouselView.swift in Sources */,
				8784E44E2C02A2A700EE90A7 /* Utils.swift in Sources */,
				87B3144B2C06844500C1B50D /* imageLoad.swift in Sources */,
			);
			runOnlyForDeploymentPostprocessing = 0;
		};
/* End PBXSourcesBuildPhase section */

/* Begin XCBuildConfiguration section */
		8784E43E2C029A0100EE90A7 /* Debug */ = {
			isa = XCBuildConfiguration;
			buildSettings = {
				ALWAYS_SEARCH_USER_PATHS = NO;
				ASSETCATALOG_COMPILER_GENERATE_SWIFT_ASSET_SYMBOL_EXTENSIONS = YES;
				CLANG_ANALYZER_NONNULL = YES;
				CLANG_ANALYZER_NUMBER_OBJECT_CONVERSION = YES_AGGRESSIVE;
				CLANG_CXX_LANGUAGE_STANDARD = "gnu++20";
				CLANG_ENABLE_MODULES = YES;
				CLANG_ENABLE_OBJC_ARC = YES;
				CLANG_ENABLE_OBJC_WEAK = YES;
				CLANG_WARN_BLOCK_CAPTURE_AUTORELEASING = YES;
				CLANG_WARN_BOOL_CONVERSION = YES;
				CLANG_WARN_COMMA = YES;
				CLANG_WARN_CONSTANT_CONVERSION = YES;
				CLANG_WARN_DEPRECATED_OBJC_IMPLEMENTATIONS = YES;
				CLANG_WARN_DIRECT_OBJC_ISA_USAGE = YES_ERROR;
				CLANG_WARN_DOCUMENTATION_COMMENTS = YES;
				CLANG_WARN_EMPTY_BODY = YES;
				CLANG_WARN_ENUM_CONVERSION = YES;
				CLANG_WARN_INFINITE_RECURSION = YES;
				CLANG_WARN_INT_CONVERSION = YES;
				CLANG_WARN_NON_LITERAL_NULL_CONVERSION = YES;
				CLANG_WARN_OBJC_IMPLICIT_RETAIN_SELF = YES;
				CLANG_WARN_OBJC_LITERAL_CONVERSION = YES;
				CLANG_WARN_OBJC_ROOT_CLASS = YES_ERROR;
				CLANG_WARN_QUOTED_INCLUDE_IN_FRAMEWORK_HEADER = YES;
				CLANG_WARN_RANGE_LOOP_ANALYSIS = YES;
				CLANG_WARN_STRICT_PROTOTYPES = YES;
				CLANG_WARN_SUSPICIOUS_MOVE = YES;
				CLANG_WARN_UNGUARDED_AVAILABILITY = YES_AGGRESSIVE;
				CLANG_WARN_UNREACHABLE_CODE = YES;
				CLANG_WARN__DUPLICATE_METHOD_MATCH = YES;
				COPY_PHASE_STRIP = NO;
				DEBUG_INFORMATION_FORMAT = dwarf;
				ENABLE_STRICT_OBJC_MSGSEND = YES;
				ENABLE_TESTABILITY = YES;
				ENABLE_USER_SCRIPT_SANDBOXING = YES;
				GCC_C_LANGUAGE_STANDARD = gnu17;
				GCC_DYNAMIC_NO_PIC = NO;
				GCC_NO_COMMON_BLOCKS = YES;
				GCC_OPTIMIZATION_LEVEL = 0;
				GCC_PREPROCESSOR_DEFINITIONS = (
					"DEBUG=1",
					"$(inherited)",
				);
				GCC_WARN_64_TO_32_BIT_CONVERSION = YES;
				GCC_WARN_ABOUT_RETURN_TYPE = YES_ERROR;
				GCC_WARN_UNDECLARED_SELECTOR = YES;
				GCC_WARN_UNINITIALIZED_AUTOS = YES_AGGRESSIVE;
				GCC_WARN_UNUSED_FUNCTION = YES;
				GCC_WARN_UNUSED_VARIABLE = YES;
				IPHONEOS_DEPLOYMENT_TARGET = 17.5;
				LOCALIZATION_PREFERS_STRING_CATALOGS = YES;
				MTL_ENABLE_DEBUG_INFO = INCLUDE_SOURCE;
				MTL_FAST_MATH = YES;
				ONLY_ACTIVE_ARCH = YES;
				SDKROOT = iphoneos;
				SWIFT_ACTIVE_COMPILATION_CONDITIONS = "DEBUG $(inherited)";
				SWIFT_OPTIMIZATION_LEVEL = "-Onone";
			};
			name = Debug;
		};
		8784E43F2C029A0100EE90A7 /* Release */ = {
			isa = XCBuildConfiguration;
			buildSettings = {
				ALWAYS_SEARCH_USER_PATHS = NO;
				ASSETCATALOG_COMPILER_GENERATE_SWIFT_ASSET_SYMBOL_EXTENSIONS = YES;
				CLANG_ANALYZER_NONNULL = YES;
				CLANG_ANALYZER_NUMBER_OBJECT_CONVERSION = YES_AGGRESSIVE;
				CLANG_CXX_LANGUAGE_STANDARD = "gnu++20";
				CLANG_ENABLE_MODULES = YES;
				CLANG_ENABLE_OBJC_ARC = YES;
				CLANG_ENABLE_OBJC_WEAK = YES;
				CLANG_WARN_BLOCK_CAPTURE_AUTORELEASING = YES;
				CLANG_WARN_BOOL_CONVERSION = YES;
				CLANG_WARN_COMMA = YES;
				CLANG_WARN_CONSTANT_CONVERSION = YES;
				CLANG_WARN_DEPRECATED_OBJC_IMPLEMENTATIONS = YES;
				CLANG_WARN_DIRECT_OBJC_ISA_USAGE = YES_ERROR;
				CLANG_WARN_DOCUMENTATION_COMMENTS = YES;
				CLANG_WARN_EMPTY_BODY = YES;
				CLANG_WARN_ENUM_CONVERSION = YES;
				CLANG_WARN_INFINITE_RECURSION = YES;
				CLANG_WARN_INT_CONVERSION = YES;
				CLANG_WARN_NON_LITERAL_NULL_CONVERSION = YES;
				CLANG_WARN_OBJC_IMPLICIT_RETAIN_SELF = YES;
				CLANG_WARN_OBJC_LITERAL_CONVERSION = YES;
				CLANG_WARN_OBJC_ROOT_CLASS = YES_ERROR;
				CLANG_WARN_QUOTED_INCLUDE_IN_FRAMEWORK_HEADER = YES;
				CLANG_WARN_RANGE_LOOP_ANALYSIS = YES;
				CLANG_WARN_STRICT_PROTOTYPES = YES;
				CLANG_WARN_SUSPICIOUS_MOVE = YES;
				CLANG_WARN_UNGUARDED_AVAILABILITY = YES_AGGRESSIVE;
				CLANG_WARN_UNREACHABLE_CODE = YES;
				CLANG_WARN__DUPLICATE_METHOD_MATCH = YES;
				COPY_PHASE_STRIP = NO;
				DEBUG_INFORMATION_FORMAT = "dwarf-with-dsym";
				ENABLE_NS_ASSERTIONS = NO;
				ENABLE_STRICT_OBJC_MSGSEND = YES;
				ENABLE_USER_SCRIPT_SANDBOXING = YES;
				GCC_C_LANGUAGE_STANDARD = gnu17;
				GCC_NO_COMMON_BLOCKS = YES;
				GCC_WARN_64_TO_32_BIT_CONVERSION = YES;
				GCC_WARN_ABOUT_RETURN_TYPE = YES_ERROR;
				GCC_WARN_UNDECLARED_SELECTOR = YES;
				GCC_WARN_UNINITIALIZED_AUTOS = YES_AGGRESSIVE;
				GCC_WARN_UNUSED_FUNCTION = YES;
				GCC_WARN_UNUSED_VARIABLE = YES;
				IPHONEOS_DEPLOYMENT_TARGET = 17.5;
				LOCALIZATION_PREFERS_STRING_CATALOGS = YES;
				MTL_ENABLE_DEBUG_INFO = NO;
				MTL_FAST_MATH = YES;
				SDKROOT = iphoneos;
				SWIFT_COMPILATION_MODE = wholemodule;
				VALIDATE_PRODUCT = YES;
			};
			name = Release;
		};
		8784E4412C029A0100EE90A7 /* Debug */ = {
			isa = XCBuildConfiguration;
			buildSettings = {
				ASSETCATALOG_COMPILER_APPICON_NAME = AppIcon;
				ASSETCATALOG_COMPILER_GLOBAL_ACCENT_COLOR_NAME = AccentColor;
				CODE_SIGN_STYLE = Automatic;
				CURRENT_PROJECT_VERSION = 1;
				DEVELOPMENT_ASSET_PATHS = "\"CineSeek/Preview Content\"";
				DEVELOPMENT_TEAM = 463V7JRA65;
				ENABLE_PREVIEWS = YES;
				GENERATE_INFOPLIST_FILE = YES;
				INFOPLIST_KEY_UIApplicationSceneManifest_Generation = YES;
				INFOPLIST_KEY_UIApplicationSupportsIndirectInputEvents = YES;
				INFOPLIST_KEY_UILaunchScreen_Generation = YES;
				INFOPLIST_KEY_UISupportedInterfaceOrientations_iPad = "UIInterfaceOrientationPortrait UIInterfaceOrientationPortraitUpsideDown UIInterfaceOrientationLandscapeLeft UIInterfaceOrientationLandscapeRight";
				INFOPLIST_KEY_UISupportedInterfaceOrientations_iPhone = "UIInterfaceOrientationPortrait UIInterfaceOrientationLandscapeLeft UIInterfaceOrientationLandscapeRight";
				LD_RUNPATH_SEARCH_PATHS = (
					"$(inherited)",
					"@executable_path/Frameworks",
				);
				MARKETING_VERSION = 1.0;
				PRODUCT_BUNDLE_IDENTIFIER = Evy.CineSeek;
				PRODUCT_NAME = "$(TARGET_NAME)";
				SWIFT_EMIT_LOC_STRINGS = YES;
				SWIFT_VERSION = 5.0;
				TARGETED_DEVICE_FAMILY = "1,2";
			};
			name = Debug;
		};
		8784E4422C029A0100EE90A7 /* Release */ = {
			isa = XCBuildConfiguration;
			buildSettings = {
				ASSETCATALOG_COMPILER_APPICON_NAME = AppIcon;
				ASSETCATALOG_COMPILER_GLOBAL_ACCENT_COLOR_NAME = AccentColor;
				CODE_SIGN_STYLE = Automatic;
				CURRENT_PROJECT_VERSION = 1;
				DEVELOPMENT_ASSET_PATHS = "\"CineSeek/Preview Content\"";
				DEVELOPMENT_TEAM = 463V7JRA65;
				ENABLE_PREVIEWS = YES;
				GENERATE_INFOPLIST_FILE = YES;
				INFOPLIST_KEY_UIApplicationSceneManifest_Generation = YES;
				INFOPLIST_KEY_UIApplicationSupportsIndirectInputEvents = YES;
				INFOPLIST_KEY_UILaunchScreen_Generation = YES;
				INFOPLIST_KEY_UISupportedInterfaceOrientations_iPad = "UIInterfaceOrientationPortrait UIInterfaceOrientationPortraitUpsideDown UIInterfaceOrientationLandscapeLeft UIInterfaceOrientationLandscapeRight";
				INFOPLIST_KEY_UISupportedInterfaceOrientations_iPhone = "UIInterfaceOrientationPortrait UIInterfaceOrientationLandscapeLeft UIInterfaceOrientationLandscapeRight";
				LD_RUNPATH_SEARCH_PATHS = (
					"$(inherited)",
					"@executable_path/Frameworks",
				);
				MARKETING_VERSION = 1.0;
				PRODUCT_BUNDLE_IDENTIFIER = Evy.CineSeek;
				PRODUCT_NAME = "$(TARGET_NAME)";
				SWIFT_EMIT_LOC_STRINGS = YES;
				SWIFT_VERSION = 5.0;
				TARGETED_DEVICE_FAMILY = "1,2";
			};
			name = Release;
		};
/* End XCBuildConfiguration section */

/* Begin XCConfigurationList section */
		8784E42D2C0299FF00EE90A7 /* Build configuration list for PBXProject "CineSeek" */ = {
			isa = XCConfigurationList;
			buildConfigurations = (
				8784E43E2C029A0100EE90A7 /* Debug */,
				8784E43F2C029A0100EE90A7 /* Release */,
			);
			defaultConfigurationIsVisible = 0;
			defaultConfigurationName = Release;
		};
		8784E4402C029A0100EE90A7 /* Build configuration list for PBXNativeTarget "CineSeek" */ = {
			isa = XCConfigurationList;
			buildConfigurations = (
				8784E4412C029A0100EE90A7 /* Debug */,
				8784E4422C029A0100EE90A7 /* Release */,
			);
			defaultConfigurationIsVisible = 0;
			defaultConfigurationName = Release;
		};
/* End XCConfigurationList section */
	};
	rootObject = 8784E42A2C0299FF00EE90A7 /* Project object */;
}
